{
  "name": "cecillie.fr",
  "lockfileVersion": 3,
  "requires": true,
  "packages": {
    "": {
      "devDependencies": {
        "@cecilapp/netlify-plugin-cache": "^1.0.1"
      }
    },
    "node_modules/@cecilapp/netlify-plugin-cache": {
      "version": "1.0.1",
      "resolved": "https://registry.npmjs.org/@cecilapp/netlify-plugin-cache/-/netlify-plugin-cache-1.0.1.tgz",
      "integrity": "sha512-aLtrAyBQ4LgcjSE0GlGnI+75ZdmsqeRBVhO3tfWx89kmHXz/VzgD1QdJI0wxDoeFKtEP7/eLCF2Bgj5kzAP00A==",
      "dev": true,
      "license": "MIT"
    }
  }
}
